
Microsoft Visual Studio Solution File, Format Version 12.00
# Visual Studio 2013
VisualStudioVersion = 12.0.31101.0
MinimumVisualStudioVersion = 10.0.40219.1
Project("{FAE04EC0-301F-11D3-BF4B-00C04F79EFBC}") = "SharePoint.Repository.Web", "SharePoint.Repository.Web\SharePoint.Repository.Web.csproj", "{C714CF44-0750-46B1-B097-C3133E73CF2E}"
EndProject
Project("{FAE04EC0-301F-11D3-BF4B-00C04F79EFBC}") = "SharePoint.Repository.Data", "SharePoint.Repository.Data\SharePoint.Repository.Data.csproj", "{368B225D-8A55-4048-BC7B-5EC3F6B355AD}"
EndProject
Project("{FAE04EC0-301F-11D3-BF4B-00C04F79EFBC}") = "SharePoint.Repository.Business", "SharePoint.Repository.Business\SharePoint.Repository.Business.csproj", "{77A8A86B-D37E-4B76-8968-DAD104AC447E}"
EndProject
Project("{FAE04EC0-301F-11D3-BF4B-00C04F79EFBC}") = "SharePoint.Repository.Test", "SharePoint.Repository.Test\SharePoint.Repository.Test.csproj", "{56BDD0B4-F894-4EAE-8441-8B31AEFBC042}"
EndProject
Project("{FAE04EC0-301F-11D3-BF4B-00C04F79EFBC}") = "SharePoint.Repository.ContentTypes", "SharePoint.Repository.ContentTypes\SharePoint.Repository.ContentTypes.csproj", "{9B9A26A7-95A5-4F5D-A2E8-4D8ADC92AEEA}"
EndProject
Global
	GlobalSection(SolutionConfigurationPlatforms) = preSolution
		Debug|Any CPU = Debug|Any CPU
		Release|Any CPU = Release|Any CPU
	EndGlobalSection
	GlobalSection(ProjectConfigurationPlatforms) = postSolution
		{C714CF44-0750-46B1-B097-C3133E73CF2E}.Debug|Any CPU.ActiveCfg = Debug|Any CPU
		{C714CF44-0750-46B1-B097-C3133E73CF2E}.Debug|Any CPU.Build.0 = Debug|Any CPU
		{C714CF44-0750-46B1-B097-C3133E73CF2E}.Debug|Any CPU.Deploy.0 = Debug|Any CPU
		{C714CF44-0750-46B1-B097-C3133E73CF2E}.Release|Any CPU.ActiveCfg = Release|Any CPU
		{C714CF44-0750-46B1-B097-C3133E73CF2E}.Release|Any CPU.Build.0 = Release|Any CPU
		{C714CF44-0750-46B1-B097-C3133E73CF2E}.Release|Any CPU.Deploy.0 = Release|Any CPU
		{368B225D-8A55-4048-BC7B-5EC3F6B355AD}.Debug|Any CPU.ActiveCfg = Debug|Any CPU
		{368B225D-8A55-4048-BC7B-5EC3F6B355AD}.Debug|Any CPU.Build.0 = Debug|Any CPU
		{368B225D-8A55-4048-BC7B-5EC3F6B355AD}.Release|Any CPU.ActiveCfg = Release|Any CPU
		{368B225D-8A55-4048-BC7B-5EC3F6B355AD}.Release|Any CPU.Build.0 = Release|Any CPU
		{77A8A86B-D37E-4B76-8968-DAD104AC447E}.Debug|Any CPU.ActiveCfg = Debug|Any CPU
		{77A8A86B-D37E-4B76-8968-DAD104AC447E}.Debug|Any CPU.Build.0 = Debug|Any CPU
		{77A8A86B-D37E-4B76-8968-DAD104AC447E}.Release|Any CPU.ActiveCfg = Release|Any CPU
		{77A8A86B-D37E-4B76-8968-DAD104AC447E}.Release|Any CPU.Build.0 = Release|Any CPU
		{56BDD0B4-F894-4EAE-8441-8B31AEFBC042}.Debug|Any CPU.ActiveCfg = Debug|Any CPU
		{56BDD0B4-F894-4EAE-8441-8B31AEFBC042}.Debug|Any CPU.Build.0 = Debug|Any CPU
		{56BDD0B4-F894-4EAE-8441-8B31AEFBC042}.Release|Any CPU.ActiveCfg = Release|Any CPU
		{56BDD0B4-F894-4EAE-8441-8B31AEFBC042}.Release|Any CPU.Build.0 = Release|Any CPU
		{9B9A26A7-95A5-4F5D-A2E8-4D8ADC92AEEA}.Debug|Any CPU.ActiveCfg = Debug|Any CPU
		{9B9A26A7-95A5-4F5D-A2E8-4D8ADC92AEEA}.Debug|Any CPU.Build.0 = Debug|Any CPU
		{9B9A26A7-95A5-4F5D-A2E8-4D8ADC92AEEA}.Debug|Any CPU.Deploy.0 = Debug|Any CPU
		{9B9A26A7-95A5-4F5D-A2E8-4D8ADC92AEEA}.Release|Any CPU.ActiveCfg = Release|Any CPU
		{9B9A26A7-95A5-4F5D-A2E8-4D8ADC92AEEA}.Release|Any CPU.Build.0 = Release|Any CPU
		{9B9A26A7-95A5-4F5D-A2E8-4D8ADC92AEEA}.Release|Any CPU.Deploy.0 = Release|Any CPU
	EndGlobalSection
	GlobalSection(SolutionProperties) = preSolution
		HideSolutionNode = FALSE
	EndGlobalSection
EndGlobal
